// !$*UTF8*$!
{
	archiveVersion = 1;
	classes = {
	};
	objectVersion = 46;
	objects = {

/* Begin PBXBuildFile section */
		EFCF5F0A1F79ECE50098EF85 /* AppDelegate.swift in Sources */ = {isa = PBXBuildFile; fileRef = EFCF5F091F79ECE50098EF85 /* AppDelegate.swift */; };
		EFCF5F0C1F79ECE50098EF85 /* ViewController.swift in Sources */ = {isa = PBXBuildFile; fileRef = EFCF5F0B1F79ECE50098EF85 /* ViewController.swift */; };
		EFCF5F0F1F79ECE50098EF85 /* Main.storyboard in Resources */ = {isa = PBXBuildFile; fileRef = EFCF5F0D1F79ECE50098EF85 /* Main.storyboard */; };
		EFCF5F111F79ECE50098EF85 /* Assets.xcassets in Resources */ = {isa = PBXBuildFile; fileRef = EFCF5F101F79ECE50098EF85 /* Assets.xcassets */; };
		EFCF5F141F79ECE50098EF85 /* LaunchScreen.storyboard in Resources */ = {isa = PBXBuildFile; fileRef = EFCF5F121F79ECE50098EF85 /* LaunchScreen.storyboard */; };
		EFCF5F1C1F79EDB60098EF85 /* provinces_cities.plist in Resources */ = {isa = PBXBuildFile; fileRef = EFCF5F1B1F79EDB60098EF85 /* provinces_cities.plist */; };
		EFCF5F1E1F7A03DB0098EF85 /* Podfile in Resources */ = {isa = PBXBuildFile; fileRef = EFCF5F1D1F7A03DB0098EF85 /* Podfile */; };
/* End PBXBuildFile section */

/* Begin PBXFileReference section */
		EFCF5F061F79ECE50098EF85 /* Picker.app */ = {isa = PBXFileReference; explicitFileType = wrapper.application; includeInIndex = 0; path = Picker.app; sourceTree = BUILT_PRODUCTS_DIR; };
		EFCF5F091F79ECE50098EF85 /* AppDelegate.swift */ = {isa = PBXFileReference; lastKnownFileType = sourcecode.swift; path = AppDelegate.swift; sourceTree = "<group>"; };
		EFCF5F0B1F79ECE50098EF85 /* ViewController.swift */ = {isa = PBXFileReference; lastKnownFileType = sourcecode.swift; path = ViewController.swift; sourceTree = "<group>"; };
		EFCF5F0E1F79ECE50098EF85 /* Base */ = {isa = PBXFileReference; lastKnownFileType = file.storyboard; name = Base; path = Base.lproj/Main.storyboard; sourceTree = "<group>"; };
		EFCF5F101F79ECE50098EF85 /* Assets.xcassets */ = {isa = PBXFileReference; lastKnownFileType = folder.assetcatalog; path = Assets.xcassets; sourceTree = "<group>"; };
		EFCF5F131F79ECE50098EF85 /* Base */ = {isa = PBXFileReference; lastKnownFileType = file.storyboard; name = Base; path = Base.lproj/LaunchScreen.storyboard; sourceTree = "<group>"; };
		EFCF5F151F79ECE50098EF85 /* Info.plist */ = {isa = PBXFileReference; lastKnownFileType = text.plist.xml; path = Info.plist; sourceTree = "<group>"; };
		EFCF5F1B1F79EDB60098EF85 /* provinces_cities.plist */ = {isa = PBXFileReference; fileEncoding = 4; lastKnownFileType = text.plist.xml; name = provinces_cities.plist; path = "../../源代码_iOS开发指南（第3版）/code/ch5/5.2.2/Swift1.2/PickerViewSample/PickerViewSample/provinces_cities.plist"; sourceTree = "<group>"; };
		EFCF5F1D1F7A03DB0098EF85 /* Podfile */ = {isa = PBXFileReference; fileEncoding = 4; lastKnownFileType = text; path = Podfile; sourceTree = "<group>"; };
/* End PBXFileReference section */

/* Begin PBXFrameworksBuildPhase section */
		EFCF5F031F79ECE50098EF85 /* Frameworks */ = {
			isa = PBXFrameworksBuildPhase;
			buildActionMask = 2147483647;
			files = (
			);
			runOnlyForDeploymentPostprocessing = 0;
		};
/* End PBXFrameworksBuildPhase section */

/* Begin PBXGroup section */
		EFCF5EFD1F79ECE50098EF85 = {
			isa = PBXGroup;
			children = (
				EFCF5F081F79ECE50098EF85 /* Picker */,
				EFCF5F071F79ECE50098EF85 /* Products */,
			);
			sourceTree = "<group>";
		};
		EFCF5F071F79ECE50098EF85 /* Products */ = {
			isa = PBXGroup;
			children = (
				EFCF5F061F79ECE50098EF85 /* Picker.app */,
			);
			name = Products;
			sourceTree = "<group>";
		};
		EFCF5F081F79ECE50098EF85 /* Picker */ = {
			isa = PBXGroup;
			children = (
				EFCF5F1B1F79EDB60098EF85 /* provinces_cities.plist */,
				EFCF5F091F79ECE50098EF85 /* AppDelegate.swift */,
				EFCF5F0B1F79ECE50098EF85 /* ViewController.swift */,
				EFCF5F0D1F79ECE50098EF85 /* Main.storyboard */,
				EFCF5F101F79ECE50098EF85 /* Assets.xcassets */,
				EFCF5F121F79ECE50098EF85 /* LaunchScreen.storyboard */,
				EFCF5F151F79ECE50098EF85 /* Info.plist */,
				EFCF5F1D1F7A03DB0098EF85 /* Podfile */,
			);
			path = Picker;
			sourceTree = "<group>";
		};
/* End PBXGroup section */

/* Begin PBXNativeTarget section */
		EFCF5F051F79ECE50098EF85 /* Picker */ = {
			isa = PBXNativeTarget;
			buildConfigurationList = EFCF5F181F79ECE50098EF85 /* Build configuration list for PBXNativeTarget "Picker" */;
			buildPhases = (
				EFCF5F021F79ECE50098EF85 /* Sources */,
				EFCF5F031F79ECE50098EF85 /* Frameworks */,
				EFCF5F041F79ECE50098EF85 /* Resources */,
			);
			buildRules = (
			);
			dependencies = (
			);
			name = Picker;
			productName = Picker;
			productReference = EFCF5F061F79ECE50098EF85 /* Picker.app */;
			productType = "com.apple.product-type.application";
		};
/* End PBXNativeTarget section */

/* Begin PBXProject section */
		EFCF5EFE1F79ECE50098EF85 /* Project object */ = {
			isa = PBXProject;
			attributes = {
				LastSwiftUpdateCheck = 0820;
				LastUpgradeCheck = 0820;
				ORGANIZATIONNAME = huangxiquan;
				TargetAttributes = {
					EFCF5F051F79ECE50098EF85 = {
						CreatedOnToolsVersion = 8.2.1;
						ProvisioningStyle = Automatic;
					};
				};
			};
			buildConfigurationList = EFCF5F011F79ECE50098EF85 /* Build configuration list for PBXProject "Picker" */;
			compatibilityVersion = "Xcode 3.2";
			developmentRegion = English;
			hasScannedForEncodings = 0;
			knownRegions = (
				en,
				Base,
			);
			mainGroup = EFCF5EFD1F79ECE50098EF85;
			productRefGroup = EFCF5F071F79ECE50098EF85 /* Products */;
			projectDirPath = "";
			projectRoot = "";
			targets = (
				EFCF5F051F79ECE50098EF85 /* Picker */,
			);
		};
/* End PBXProject section */

/* Begin PBXResourcesBuildPhase section */
		EFCF5F041F79ECE50098EF85 /* Resources */ = {
			isa = PBXResourcesBuildPhase;
			buildActionMask = 2147483647;
			files = (
				EFCF5F1E1F7A03DB0098EF85 /* Podfile in Resources */,
				EFCF5F141F79ECE50098EF85 /* LaunchScreen.storyboard in Resources */,
				EFCF5F1C1F79EDB60098EF85 /* provinces_cities.plist in Resources */,
				EFCF5F111F79ECE50098EF85 /* Assets.xcassets in Resources */,
				EFCF5F0F1F79ECE50098EF85 /* Main.storyboard in Resources */,
			);
			runOnlyForDeploymentPostprocessing = 0;
		};
/* End PBXResourcesBuildPhase section */

/* Begin PBXSourcesBuildPhase section */
		EFCF5F021F79ECE50098EF85 /* Sources */ = {
			isa = PBXSourcesBuildPhase;
			buildActionMask = 2147483647;
			files = (
				EFCF5F0C1F79ECE50098EF85 /* ViewController.swift in Sources */,
				EFCF5F0A1F79ECE50098EF85 /* AppDelegate.swift in Sources */,
			);
			runOnlyForDeploymentPostprocessing = 0;
		};
/* End PBXSourcesBuildPhase section */

/* Begin PBXVariantGroup section */
		EFCF5F0D1F79ECE50098EF85 /* Main.storyboard */ = {
			isa = PBXVariantGroup;
			children = (
				EFCF5F0E1F79ECE50098EF85 /* Base */,
			);
			name = Main.storyboard;
			sourceTree = "<group>";
		};
		EFCF5F121F79ECE50098EF85 /* LaunchScreen.storyboard */ = {
			isa = PBXVariantGroup;
			children = (
				EFCF5F131F79ECE50098EF85 /* Base */,
			);
			name = LaunchScreen.storyboard;
			sourceTree = "<group>";
		};
/* End PBXVariantGroup section */

/* Begin XCBuildConfiguration section */
		EFCF5F161F79ECE50098EF85 /* Debug */ = {
			isa = XCBuildConfiguration;
			buildSettings = {
				ALWAYS_SEARCH_USER_PATHS = NO;
				CLANG_ANALYZER_NONNULL = YES;
				CLANG_CXX_LANGUAGE_STANDARD = "gnu++0x";
				CLANG_CXX_LIBRARY = "libc++";
				CLANG_ENABLE_MODULES = YES;
				CLANG_ENABLE_OBJC_ARC = YES;
				CLANG_WARN_BOOL_CONVERSION = YES;
				CLANG_WARN_CONSTANT_CONVERSION = YES;
				CLANG_WARN_DIRECT_OBJC_ISA_USAGE = YES_ERROR;
				CLANG_WARN_DOCUMENTATION_COMMENTS = YES;
				CLANG_WARN_EMPTY_BODY = YES;
				CLANG_WARN_ENUM_CONVERSION = YES;
				CLANG_WARN_INFINITE_RECURSION = YES;
				CLANG_WARN_INT_CONVERSION = YES;
				CLANG_WARN_OBJC_ROOT_CLASS = YES_ERROR;
				CLANG_WARN_SUSPICIOUS_MOVE = YES;
				CLANG_WARN_UNREACHABLE_CODE = YES;
				CLANG_WARN__DUPLICATE_METHOD_MATCH = YES;
				"CODE_SIGN_IDENTITY[sdk=iphoneos*]" = "iPhone Developer";
				COPY_PHASE_STRIP = NO;
				DEBUG_INFORMATION_FORMAT = dwarf;
				ENABLE_STRICT_OBJC_MSGSEND = YES;
				ENABLE_TESTABILITY = YES;
				GCC_C_LANGUAGE_STANDARD = gnu99;
				GCC_DYNAMIC_NO_PIC = NO;
				GCC_NO_COMMON_BLOCKS = YES;
				GCC_OPTIMIZATION_LEVEL = 0;
				GCC_PREPROCESSOR_DEFINITIONS = (
					"DEBUG=1",
					"$(inherited)",
				);
				GCC_WARN_64_TO_32_BIT_CONVERSION = YES;
				GCC_WARN_ABOUT_RETURN_TYPE = YES_ERROR;
				GCC_WARN_UNDECLARED_SELECTOR = YES;
				GCC_WARN_UNINITIALIZED_AUTOS = YES_AGGRESSIVE;
				GCC_WARN_UNUSED_FUNCTION = YES;
				GCC_WARN_UNUSED_VARIABLE = YES;
				IPHONEOS_DEPLOYMENT_TARGET = 10.2;
				MTL_ENABLE_DEBUG_INFO = YES;
				ONLY_ACTIVE_ARCH = YES;
				SDKROOT = iphoneos;
				SWIFT_ACTIVE_COMPILATION_CONDITIONS = DEBUG;
				SWIFT_OPTIMIZATION_LEVEL = "-Onone";
			};
			name = Debug;
		};
		EFCF5F171F79ECE50098EF85 /* Release */ = {
			isa = XCBuildConfiguration;
			buildSettings = {
				ALWAYS_SEARCH_USER_PATHS = NO;
				CLANG_ANALYZER_NONNULL = YES;
				CLANG_CXX_LANGUAGE_STANDARD = "gnu++0x";
				CLANG_CXX_LIBRARY = "libc++";
				CLANG_ENABLE_MODULES = YES;
				CLANG_ENABLE_OBJC_ARC = YES;
				CLANG_WARN_BOOL_CONVERSION = YES;
				CLANG_WARN_CONSTANT_CONVERSION = YES;
				CLANG_WARN_DIRECT_OBJC_ISA_USAGE = YES_ERROR;
				CLANG_WARN_DOCUMENTATION_COMMENTS = YES;
				CLANG_WARN_EMPTY_BODY = YES;
				CLANG_WARN_ENUM_CONVERSION = YES;
				CLANG_WARN_INFINITE_RECURSION = YES;
				CLANG_WARN_INT_CONVERSION = YES;
				CLANG_WARN_OBJC_ROOT_CLASS = YES_ERROR;
				CLANG_WARN_SUSPICIOUS_MOVE = YES;
				CLANG_WARN_UNREACHABLE_CODE = YES;
				CLANG_WARN__DUPLICATE_METHOD_MATCH = YES;
				"CODE_SIGN_IDENTITY[sdk=iphoneos*]" = "iPhone Developer";
				COPY_PHASE_STRIP = NO;
				DEBUG_INFORMATION_FORMAT = "dwarf-with-dsym";
				ENABLE_NS_ASSERTIONS = NO;
				ENABLE_STRICT_OBJC_MSGSEND = YES;
				GCC_C_LANGUAGE_STANDARD = gnu99;
				GCC_NO_COMMON_BLOCKS = YES;
				GCC_WARN_64_TO_32_BIT_CONVERSION = YES;
				GCC_WARN_ABOUT_RETURN_TYPE = YES_ERROR;
				GCC_WARN_UNDECLARED_SELECTOR = YES;
				GCC_WARN_UNINITIALIZED_AUTOS = YES_AGGRESSIVE;
				GCC_WARN_UNUSED_FUNCTION = YES;
				GCC_WARN_UNUSED_VARIABLE = YES;
				IPHONEOS_DEPLOYMENT_TARGET = 10.2;
				MTL_ENABLE_DEBUG_INFO = NO;
				SDKROOT = iphoneos;
				SWIFT_OPTIMIZATION_LEVEL = "-Owholemodule";
				VALIDATE_PRODUCT = YES;
			};
			name = Release;
		};
		EFCF5F191F79ECE50098EF85 /* Debug */ = {
			isa = XCBuildConfiguration;
			buildSettings = {
				ASSETCATALOG_COMPILER_APPICON_NAME = AppIcon;
				INFOPLIST_FILE = Picker/Info.plist;
				LD_RUNPATH_SEARCH_PATHS = "$(inherited) @executable_path/Frameworks";
				PRODUCT_BUNDLE_IDENTIFIER = com.huangxiquan.Picker;
				PRODUCT_NAME = "$(TARGET_NAME)";
				SWIFT_VERSION = 3.0;
			};
			name = Debug;
		};
		EFCF5F1A1F79ECE50098EF85 /* Release */ = {
			isa = XCBuildConfiguration;
			buildSettings = {
				ASSETCATALOG_COMPILER_APPICON_NAME = AppIcon;
				INFOPLIST_FILE = Picker/Info.plist;
				LD_RUNPATH_SEARCH_PATHS = "$(inherited) @executable_path/Frameworks";
				PRODUCT_BUNDLE_IDENTIFIER = com.huangxiquan.Picker;
				PRODUCT_NAME = "$(TARGET_NAME)";
				SWIFT_VERSION = 3.0;
			};
			name = Release;
		};
/* End XCBuildConfiguration section */

/* Begin XCConfigurationList section */
		EFCF5F011F79ECE50098EF85 /* Build configuration list for PBXProject "Picker" */ = {
			isa = XCConfigurationList;
			buildConfigurations = (
				EFCF5F161F79ECE50098EF85 /* Debug */,
				EFCF5F171F79ECE50098EF85 /* Release */,
			);
			defaultConfigurationIsVisible = 0;
			defaultConfigurationName = Release;
		};
		EFCF5F181F79ECE50098EF85 /* Build configuration list for PBXNativeTarget "Picker" */ = {
			isa = XCConfigurationList;
			buildConfigurations = (
				EFCF5F191F79ECE50098EF85 /* Debug */,
				EFCF5F1A1F79ECE50098EF85 /* Release */,
			);
			defaultConfigurationIsVisible = 0;
		};
/* End XCConfigurationList section */
	};
	rootObject = EFCF5EFE1F79ECE50098EF85 /* Project object */;
}
